PODS:
  - OCMock (3.2)
  - VinliUIResources (1.0.0)

DEPENDENCIES:
  - OCMock
  - VinliUIResources (from `~/Documents/Programs/Vinli/VinliUIResources`)

EXTERNAL SOURCES:
  VinliUIResources:
    :path: "~/Documents/Programs/Vinli/VinliUIResources"

SPEC CHECKSUMS:
  OCMock: 28def049ef47f996b515a8eeea958be7ccab2dbb
  VinliUIResources: 7357110846f1dbc77ce0b7e28414c5ae7ba08324

COCOAPODS: 0.39.0
